
Microsoft Visual Studio Solution File, Format Version 12.00
# Visual Studio Version 17
VisualStudioVersion = 17.2.32616.157
MinimumVisualStudioVersion = 10.0.40219.1
Project("{FAE04EC0-301F-11D3-BF4B-00C04F79EFBC}") = "Запоминатор", "Запоминатор\Запоминатор.csproj", "{B62C64AB-2F4F-4B2F-9C3C-CAF2A9A8CDFC}"
EndProject
Global
	GlobalSection(SolutionConfigurationPlatforms) = preSolution
		Debug|Any CPU = Debug|Any CPU
		Release|Any CPU = Release|Any CPU
	EndGlobalSection
	GlobalSection(ProjectConfigurationPlatforms) = postSolution
		{B62C64AB-2F4F-4B2F-9C3C-CAF2A9A8CDFC}.Debug|Any CPU.ActiveCfg = Debug|Any CPU
		{B62C64AB-2F4F-4B2F-9C3C-CAF2A9A8CDFC}.Debug|Any CPU.Build.0 = Debug|Any CPU
		{B62C64AB-2F4F-4B2F-9C3C-CAF2A9A8CDFC}.Release|Any CPU.ActiveCfg = Release|Any CPU
		{B62C64AB-2F4F-4B2F-9C3C-CAF2A9A8CDFC}.Release|Any CPU.Build.0 = Release|Any CPU
	EndGlobalSection
	GlobalSection(SolutionProperties) = preSolution
		HideSolutionNode = FALSE
	EndGlobalSection
	GlobalSection(ExtensibilityGlobals) = postSolution
		SolutionGuid = {3154F011-67B1-4F49-BE53-186479D6A6ED}
	EndGlobalSection
EndGlobal
